
Microsoft Visual Studio Solution File, Format Version 12.00
# Visual Studio 14
VisualStudioVersion = 14.0.22609.0
MinimumVisualStudioVersion = 10.0.40219.1
Project("{FAE04EC0-301F-11D3-BF4B-00C04F79EFBC}") = "StringFormatAnalyzer", "StringFormatAnalyzer\StringFormatAnalyzer\StringFormatAnalyzer.csproj", "{6B00249F-755B-45DE-BE2D-14747E282C2C}"
EndProject
Project("{2150E333-8FDC-42A3-9474-1A3956D46DE8}") = ".nuget", ".nuget", "{BFA795CF-2DE1-4E51-BD7D-795BBD884241}"
	ProjectSection(SolutionItems) = preProject
		.nuget\packages.config = .nuget\packages.config
	EndProjectSection
EndProject
Project("{FAE04EC0-301F-11D3-BF4B-00C04F79EFBC}") = "StringFormatAnalyzer.Test", "StringFormatAnalyzer\StringFormatAnalyzer.Test\StringFormatAnalyzer.Test.csproj", "{6D44FEE2-1E85-4148-8006-C6E77FFA669B}"
EndProject
Project("{FAE04EC0-301F-11D3-BF4B-00C04F79EFBC}") = "StringFormatAnalyzer.Vsix", "StringFormatAnalyzer\StringFormatAnalyzer.Vsix\StringFormatAnalyzer.Vsix.csproj", "{D39451A4-33D1-4738-B8FB-15C6D79DD44E}"
EndProject
Global
	GlobalSection(SolutionConfigurationPlatforms) = preSolution
		Debug|Any CPU = Debug|Any CPU
		Release|Any CPU = Release|Any CPU
	EndGlobalSection
	GlobalSection(ProjectConfigurationPlatforms) = postSolution
		{6B00249F-755B-45DE-BE2D-14747E282C2C}.Debug|Any CPU.ActiveCfg = Debug|Any CPU
		{6B00249F-755B-45DE-BE2D-14747E282C2C}.Debug|Any CPU.Build.0 = Debug|Any CPU
		{6B00249F-755B-45DE-BE2D-14747E282C2C}.Release|Any CPU.ActiveCfg = Release|Any CPU
		{6B00249F-755B-45DE-BE2D-14747E282C2C}.Release|Any CPU.Build.0 = Release|Any CPU
		{6D44FEE2-1E85-4148-8006-C6E77FFA669B}.Debug|Any CPU.ActiveCfg = Debug|Any CPU
		{6D44FEE2-1E85-4148-8006-C6E77FFA669B}.Debug|Any CPU.Build.0 = Debug|Any CPU
		{6D44FEE2-1E85-4148-8006-C6E77FFA669B}.Release|Any CPU.ActiveCfg = Release|Any CPU
		{6D44FEE2-1E85-4148-8006-C6E77FFA669B}.Release|Any CPU.Build.0 = Release|Any CPU
		{D39451A4-33D1-4738-B8FB-15C6D79DD44E}.Debug|Any CPU.ActiveCfg = Debug|Any CPU
		{D39451A4-33D1-4738-B8FB-15C6D79DD44E}.Debug|Any CPU.Build.0 = Debug|Any CPU
		{D39451A4-33D1-4738-B8FB-15C6D79DD44E}.Release|Any CPU.ActiveCfg = Release|Any CPU
		{D39451A4-33D1-4738-B8FB-15C6D79DD44E}.Release|Any CPU.Build.0 = Release|Any CPU
	EndGlobalSection
	GlobalSection(SolutionProperties) = preSolution
		HideSolutionNode = FALSE
	EndGlobalSection
EndGlobal
